
Microsoft Visual Studio Solution File, Format Version 12.00
# Visual Studio Version 17
VisualStudioVersion = 17.7.34024.191
MinimumVisualStudioVersion = 10.0.40219.1
Project("{FAE04EC0-301F-11D3-BF4B-00C04F79EFBC}") = "AUTH_JWT", "AUTH_JWT.csproj", "{60655FC7-1F08-4816-8F8E-B313638E1691}"
EndProject
Global
	GlobalSection(SolutionConfigurationPlatforms) = preSolution
		Debug|Any CPU = Debug|Any CPU
		Release|Any CPU = Release|Any CPU
	EndGlobalSection
	GlobalSection(ProjectConfigurationPlatforms) = postSolution
		{60655FC7-1F08-4816-8F8E-B313638E1691}.Debug|Any CPU.ActiveCfg = Debug|Any CPU
		{60655FC7-1F08-4816-8F8E-B313638E1691}.Debug|Any CPU.Build.0 = Debug|Any CPU
		{60655FC7-1F08-4816-8F8E-B313638E1691}.Release|Any CPU.ActiveCfg = Release|Any CPU
		{60655FC7-1F08-4816-8F8E-B313638E1691}.Release|Any CPU.Build.0 = Release|Any CPU
	EndGlobalSection
	GlobalSection(SolutionProperties) = preSolution
		HideSolutionNode = FALSE
	EndGlobalSection
	GlobalSection(ExtensibilityGlobals) = postSolution
		SolutionGuid = {C49D276C-0808-4B0A-B0C5-EB6F809AE0E2}
	EndGlobalSection
EndGlobal
